
Microsoft Visual Studio Solution File, Format Version 12.00
# Visual Studio Version 17
VisualStudioVersion = 17.6.33829.357
MinimumVisualStudioVersion = 10.0.40219.1
Project("{9A19103F-16F7-4668-BE54-9A1E7A4F7556}") = "IssueTracker", "Demo5\IssueTracker.csproj", "{2D4D5D77-D920-4CC7-B4D6-B262C7A989FE}"
EndProject
Global
	GlobalSection(SolutionConfigurationPlatforms) = preSolution
		Debug|Any CPU = Debug|Any CPU
		Release|Any CPU = Release|Any CPU
	EndGlobalSection
	GlobalSection(ProjectConfigurationPlatforms) = postSolution
		{2D4D5D77-D920-4CC7-B4D6-B262C7A989FE}.Debug|Any CPU.ActiveCfg = Debug|Any CPU
		{2D4D5D77-D920-4CC7-B4D6-B262C7A989FE}.Debug|Any CPU.Build.0 = Debug|Any CPU
		{2D4D5D77-D920-4CC7-B4D6-B262C7A989FE}.Release|Any CPU.ActiveCfg = Release|Any CPU
		{2D4D5D77-D920-4CC7-B4D6-B262C7A989FE}.Release|Any CPU.Build.0 = Release|Any CPU
	EndGlobalSection
	GlobalSection(SolutionProperties) = preSolution
		HideSolutionNode = FALSE
	EndGlobalSection
	GlobalSection(ExtensibilityGlobals) = postSolution
		SolutionGuid = {763A27F2-2D4B-4A2B-8561-169ED5A4BD79}
	EndGlobalSection
EndGlobal
